// !$*UTF8*$!
{
	archiveVersion = 1;
	classes = {
	};
	objectVersion = 56;
	objects = {

/* Begin PBXBuildFile section */
		1425FBB076F23DB1FD515846 /* Pods_ThreadSafeExampleTests.framework in Frameworks */ = {isa = PBXBuildFile; fileRef = DA503FF7955F80728EDAF3A6 /* Pods_ThreadSafeExampleTests.framework */; };
		7AC5A2652C08302600B83D24 /* AppDelegate.swift in Sources */ = {isa = PBXBuildFile; fileRef = 7AC5A2642C08302600B83D24 /* AppDelegate.swift */; };
		7AC5A2672C08302600B83D24 /* SceneDelegate.swift in Sources */ = {isa = PBXBuildFile; fileRef = 7AC5A2662C08302600B83D24 /* SceneDelegate.swift */; };
		7AC5A2692C08302600B83D24 /* ViewController.swift in Sources */ = {isa = PBXBuildFile; fileRef = 7AC5A2682C08302600B83D24 /* ViewController.swift */; };
		7AC5A26C2C08302600B83D24 /* Main.storyboard in Resources */ = {isa = PBXBuildFile; fileRef = 7AC5A26A2C08302600B83D24 /* Main.storyboard */; };
		7AC5A26E2C08302700B83D24 /* Assets.xcassets in Resources */ = {isa = PBXBuildFile; fileRef = 7AC5A26D2C08302700B83D24 /* Assets.xcassets */; };
		7AC5A2712C08302700B83D24 /* LaunchScreen.storyboard in Resources */ = {isa = PBXBuildFile; fileRef = 7AC5A26F2C08302700B83D24 /* LaunchScreen.storyboard */; };
		7AC5A27C2C08302700B83D24 /* ThreadSafeExampleTests.swift in Sources */ = {isa = PBXBuildFile; fileRef = 7AC5A27B2C08302700B83D24 /* ThreadSafeExampleTests.swift */; };
		9654574597CFB4EFCD58F373 /* Pods_ThreadSafeExample.framework in Frameworks */ = {isa = PBXBuildFile; fileRef = F9392AEF1A993224154C3E54 /* Pods_ThreadSafeExample.framework */; };
/* End PBXBuildFile section */

/* Begin PBXContainerItemProxy section */
		7AC5A2782C08302700B83D24 /* PBXContainerItemProxy */ = {
			isa = PBXContainerItemProxy;
			containerPortal = 7AC5A2592C08302600B83D24 /* Project object */;
			proxyType = 1;
			remoteGlobalIDString = 7AC5A2602C08302600B83D24;
			remoteInfo = ThreadSafeExample;
		};
/* End PBXContainerItemProxy section */

/* Begin PBXFileReference section */
		33639B366F5FEE10236A9914 /* Pods-ThreadSafeExampleTests.release.xcconfig */ = {isa = PBXFileReference; includeInIndex = 1; lastKnownFileType = text.xcconfig; name = "Pods-ThreadSafeExampleTests.release.xcconfig"; path = "Target Support Files/Pods-ThreadSafeExampleTests/Pods-ThreadSafeExampleTests.release.xcconfig"; sourceTree = "<group>"; };
		7AAD1A848AC9C0A83A101F55 /* Pods-ThreadSafeExample.debug.xcconfig */ = {isa = PBXFileReference; includeInIndex = 1; lastKnownFileType = text.xcconfig; name = "Pods-ThreadSafeExample.debug.xcconfig"; path = "Target Support Files/Pods-ThreadSafeExample/Pods-ThreadSafeExample.debug.xcconfig"; sourceTree = "<group>"; };
		7AC5A2612C08302600B83D24 /* ThreadSafeExample.app */ = {isa = PBXFileReference; explicitFileType = wrapper.application; includeInIndex = 0; path = ThreadSafeExample.app; sourceTree = BUILT_PRODUCTS_DIR; };
		7AC5A2642C08302600B83D24 /* AppDelegate.swift */ = {isa = PBXFileReference; lastKnownFileType = sourcecode.swift; path = AppDelegate.swift; sourceTree = "<group>"; };
		7AC5A2662C08302600B83D24 /* SceneDelegate.swift */ = {isa = PBXFileReference; lastKnownFileType = sourcecode.swift; path = SceneDelegate.swift; sourceTree = "<group>"; };
		7AC5A2682C08302600B83D24 /* ViewController.swift */ = {isa = PBXFileReference; lastKnownFileType = sourcecode.swift; path = ViewController.swift; sourceTree = "<group>"; };
		7AC5A26B2C08302600B83D24 /* Base */ = {isa = PBXFileReference; lastKnownFileType = file.storyboard; name = Base; path = Base.lproj/Main.storyboard; sourceTree = "<group>"; };
		7AC5A26D2C08302700B83D24 /* Assets.xcassets */ = {isa = PBXFileReference; lastKnownFileType = folder.assetcatalog; path = Assets.xcassets; sourceTree = "<group>"; };
		7AC5A2702C08302700B83D24 /* Base */ = {isa = PBXFileReference; lastKnownFileType = file.storyboard; name = Base; path = Base.lproj/LaunchScreen.storyboard; sourceTree = "<group>"; };
		7AC5A2722C08302700B83D24 /* Info.plist */ = {isa = PBXFileReference; lastKnownFileType = text.plist.xml; path = Info.plist; sourceTree = "<group>"; };
		7AC5A2772C08302700B83D24 /* ThreadSafeExampleTests.xctest */ = {isa = PBXFileReference; explicitFileType = wrapper.cfbundle; includeInIndex = 0; path = ThreadSafeExampleTests.xctest; sourceTree = BUILT_PRODUCTS_DIR; };
		7AC5A27B2C08302700B83D24 /* ThreadSafeExampleTests.swift */ = {isa = PBXFileReference; lastKnownFileType = sourcecode.swift; path = ThreadSafeExampleTests.swift; sourceTree = "<group>"; };
		D323579BD2D17314E3D54CB7 /* Pods-ThreadSafeExampleTests.debug.xcconfig */ = {isa = PBXFileReference; includeInIndex = 1; lastKnownFileType = text.xcconfig; name = "Pods-ThreadSafeExampleTests.debug.xcconfig"; path = "Target Support Files/Pods-ThreadSafeExampleTests/Pods-ThreadSafeExampleTests.debug.xcconfig"; sourceTree = "<group>"; };
		DA503FF7955F80728EDAF3A6 /* Pods_ThreadSafeExampleTests.framework */ = {isa = PBXFileReference; explicitFileType = wrapper.framework; includeInIndex = 0; path = Pods_ThreadSafeExampleTests.framework; sourceTree = BUILT_PRODUCTS_DIR; };
		E751D81A9C7F3CD47767B608 /* Pods-ThreadSafeExample.release.xcconfig */ = {isa = PBXFileReference; includeInIndex = 1; lastKnownFileType = text.xcconfig; name = "Pods-ThreadSafeExample.release.xcconfig"; path = "Target Support Files/Pods-ThreadSafeExample/Pods-ThreadSafeExample.release.xcconfig"; sourceTree = "<group>"; };
		F9392AEF1A993224154C3E54 /* Pods_ThreadSafeExample.framework */ = {isa = PBXFileReference; explicitFileType = wrapper.framework; includeInIndex = 0; path = Pods_ThreadSafeExample.framework; sourceTree = BUILT_PRODUCTS_DIR; };
/* End PBXFileReference section */

/* Begin PBXFrameworksBuildPhase section */
		7AC5A25E2C08302600B83D24 /* Frameworks */ = {
			isa = PBXFrameworksBuildPhase;
			buildActionMask = 2147483647;
			files = (
				9654574597CFB4EFCD58F373 /* Pods_ThreadSafeExample.framework in Frameworks */,
			);
			runOnlyForDeploymentPostprocessing = 0;
		};
		7AC5A2742C08302700B83D24 /* Frameworks */ = {
			isa = PBXFrameworksBuildPhase;
			buildActionMask = 2147483647;
			files = (
				1425FBB076F23DB1FD515846 /* Pods_ThreadSafeExampleTests.framework in Frameworks */,
			);
			runOnlyForDeploymentPostprocessing = 0;
		};
/* End PBXFrameworksBuildPhase section */

/* Begin PBXGroup section */
		77A8413A373322AEA52C8F5C /* Frameworks */ = {
			isa = PBXGroup;
			children = (
				F9392AEF1A993224154C3E54 /* Pods_ThreadSafeExample.framework */,
				DA503FF7955F80728EDAF3A6 /* Pods_ThreadSafeExampleTests.framework */,
			);
			name = Frameworks;
			sourceTree = "<group>";
		};
		7AC5A2582C08302600B83D24 = {
			isa = PBXGroup;
			children = (
				7AC5A2632C08302600B83D24 /* ThreadSafeExample */,
				7AC5A27A2C08302700B83D24 /* ThreadSafeExampleTests */,
				7AC5A2622C08302600B83D24 /* Products */,
				90E946BC76AD5E071AAE153C /* Pods */,
				77A8413A373322AEA52C8F5C /* Frameworks */,
			);
			sourceTree = "<group>";
		};
		7AC5A2622C08302600B83D24 /* Products */ = {
			isa = PBXGroup;
			children = (
				7AC5A2612C08302600B83D24 /* ThreadSafeExample.app */,
				7AC5A2772C08302700B83D24 /* ThreadSafeExampleTests.xctest */,
			);
			name = Products;
			sourceTree = "<group>";
		};
		7AC5A2632C08302600B83D24 /* ThreadSafeExample */ = {
			isa = PBXGroup;
			children = (
				7AC5A2642C08302600B83D24 /* AppDelegate.swift */,
				7AC5A2662C08302600B83D24 /* SceneDelegate.swift */,
				7AC5A2682C08302600B83D24 /* ViewController.swift */,
				7AC5A26A2C08302600B83D24 /* Main.storyboard */,
				7AC5A26D2C08302700B83D24 /* Assets.xcassets */,
				7AC5A26F2C08302700B83D24 /* LaunchScreen.storyboard */,
				7AC5A2722C08302700B83D24 /* Info.plist */,
			);
			path = ThreadSafeExample;
			sourceTree = "<group>";
		};
		7AC5A27A2C08302700B83D24 /* ThreadSafeExampleTests */ = {
			isa = PBXGroup;
			children = (
				7AC5A27B2C08302700B83D24 /* ThreadSafeExampleTests.swift */,
			);
			path = ThreadSafeExampleTests;
			sourceTree = "<group>";
		};
		90E946BC76AD5E071AAE153C /* Pods */ = {
			isa = PBXGroup;
			children = (
				7AAD1A848AC9C0A83A101F55 /* Pods-ThreadSafeExample.debug.xcconfig */,
				E751D81A9C7F3CD47767B608 /* Pods-ThreadSafeExample.release.xcconfig */,
				D323579BD2D17314E3D54CB7 /* Pods-ThreadSafeExampleTests.debug.xcconfig */,
				33639B366F5FEE10236A9914 /* Pods-ThreadSafeExampleTests.release.xcconfig */,
			);
			path = Pods;
			sourceTree = "<group>";
		};
/* End PBXGroup section */

/* Begin PBXNativeTarget section */
		7AC5A2602C08302600B83D24 /* ThreadSafeExample */ = {
			isa = PBXNativeTarget;
			buildConfigurationList = 7AC5A28B2C08302700B83D24 /* Build configuration list for PBXNativeTarget "ThreadSafeExample" */;
			buildPhases = (
				6C72EA162F6D6DCEF65F2157 /* [CP] Check Pods Manifest.lock */,
				7AC5A25D2C08302600B83D24 /* Sources */,
				7AC5A25E2C08302600B83D24 /* Frameworks */,
				7AC5A25F2C08302600B83D24 /* Resources */,
				7AC5A29A2C08512800B83D24 /* ShellScript */,
			);
			buildRules = (
			);
			dependencies = (
			);
			name = ThreadSafeExample;
			productName = ThreadSafeExample;
			productReference = 7AC5A2612C08302600B83D24 /* ThreadSafeExample.app */;
			productType = "com.apple.product-type.application";
		};
		7AC5A2762C08302700B83D24 /* ThreadSafeExampleTests */ = {
			isa = PBXNativeTarget;
			buildConfigurationList = 7AC5A28E2C08302700B83D24 /* Build configuration list for PBXNativeTarget "ThreadSafeExampleTests" */;
			buildPhases = (
				FB5EB1AC1E0824F5B57BDA15 /* [CP] Check Pods Manifest.lock */,
				7AC5A2732C08302700B83D24 /* Sources */,
				7AC5A2742C08302700B83D24 /* Frameworks */,
				7AC5A2752C08302700B83D24 /* Resources */,
			);
			buildRules = (
			);
			dependencies = (
				7AC5A2792C08302700B83D24 /* PBXTargetDependency */,
			);
			name = ThreadSafeExampleTests;
			productName = ThreadSafeExampleTests;
			productReference = 7AC5A2772C08302700B83D24 /* ThreadSafeExampleTests.xctest */;
			productType = "com.apple.product-type.bundle.unit-test";
		};
/* End PBXNativeTarget section */

/* Begin PBXProject section */
		7AC5A2592C08302600B83D24 /* Project object */ = {
			isa = PBXProject;
			attributes = {
				BuildIndependentTargetsInParallel = 1;
				LastSwiftUpdateCheck = 1520;
				LastUpgradeCheck = 1520;
				TargetAttributes = {
					7AC5A2602C08302600B83D24 = {
						CreatedOnToolsVersion = 15.2;
					};
					7AC5A2762C08302700B83D24 = {
						CreatedOnToolsVersion = 15.2;
						TestTargetID = 7AC5A2602C08302600B83D24;
					};
				};
			};
			buildConfigurationList = 7AC5A25C2C08302600B83D24 /* Build configuration list for PBXProject "ThreadSafeExample" */;
			compatibilityVersion = "Xcode 14.0";
			developmentRegion = en;
			hasScannedForEncodings = 0;
			knownRegions = (
				en,
				Base,
			);
			mainGroup = 7AC5A2582C08302600B83D24;
			productRefGroup = 7AC5A2622C08302600B83D24 /* Products */;
			projectDirPath = "";
			projectRoot = "";
			targets = (
				7AC5A2602C08302600B83D24 /* ThreadSafeExample */,
				7AC5A2762C08302700B83D24 /* ThreadSafeExampleTests */,
			);
		};
/* End PBXProject section */

/* Begin PBXResourcesBuildPhase section */
		7AC5A25F2C08302600B83D24 /* Resources */ = {
			isa = PBXResourcesBuildPhase;
			buildActionMask = 2147483647;
			files = (
				7AC5A2712C08302700B83D24 /* LaunchScreen.storyboard in Resources */,
				7AC5A26E2C08302700B83D24 /* Assets.xcassets in Resources */,
				7AC5A26C2C08302600B83D24 /* Main.storyboard in Resources */,
			);
			runOnlyForDeploymentPostprocessing = 0;
		};
		7AC5A2752C08302700B83D24 /* Resources */ = {
			isa = PBXResourcesBuildPhase;
			buildActionMask = 2147483647;
			files = (
			);
			runOnlyForDeploymentPostprocessing = 0;
		};
/* End PBXResourcesBuildPhase section */

/* Begin PBXShellScriptBuildPhase section */
		6C72EA162F6D6DCEF65F2157 /* [CP] Check Pods Manifest.lock */ = {
			isa = PBXShellScriptBuildPhase;
			buildActionMask = 2147483647;
			files = (
			);
			inputFileListPaths = (
			);
			inputPaths = (
				"${PODS_PODFILE_DIR_PATH}/Podfile.lock",
				"${PODS_ROOT}/Manifest.lock",
			);
			name = "[CP] Check Pods Manifest.lock";
			outputFileListPaths = (
			);
			outputPaths = (
				"$(DERIVED_FILE_DIR)/Pods-ThreadSafeExample-checkManifestLockResult.txt",
			);
			runOnlyForDeploymentPostprocessing = 0;
			shellPath = /bin/sh;
			shellScript = "diff \"${PODS_PODFILE_DIR_PATH}/Podfile.lock\" \"${PODS_ROOT}/Manifest.lock\" > /dev/null\nif [ $? != 0 ] ; then\n    # print error to STDERR\n    echo \"error: The sandbox is not in sync with the Podfile.lock. Run 'pod install' or update your CocoaPods installation.\" >&2\n    exit 1\nfi\n# This output is used by Xcode 'outputs' to avoid re-running this script phase.\necho \"SUCCESS\" > \"${SCRIPT_OUTPUT_FILE_0}\"\n";
			showEnvVarsInLog = 0;
		};
		7AC5A29A2C08512800B83D24 /* ShellScript */ = {
			isa = PBXShellScriptBuildPhase;
			buildActionMask = 2147483647;
			files = (
			);
			inputFileListPaths = (
			);
			inputPaths = (
			);
			outputFileListPaths = (
			);
			outputPaths = (
			);
			runOnlyForDeploymentPostprocessing = 0;
			shellPath = /bin/sh;
			shellScript = "${PODS_ROOT}/SwiftLint/swiftlint --strict\n";
		};
		FB5EB1AC1E0824F5B57BDA15 /* [CP] Check Pods Manifest.lock */ = {
			isa = PBXShellScriptBuildPhase;
			buildActionMask = 2147483647;
			files = (
			);
			inputFileListPaths = (
			);
			inputPaths = (
				"${PODS_PODFILE_DIR_PATH}/Podfile.lock",
				"${PODS_ROOT}/Manifest.lock",
			);
			name = "[CP] Check Pods Manifest.lock";
			outputFileListPaths = (
			);
			outputPaths = (
				"$(DERIVED_FILE_DIR)/Pods-ThreadSafeExampleTests-checkManifestLockResult.txt",
			);
			runOnlyForDeploymentPostprocessing = 0;
			shellPath = /bin/sh;
			shellScript = "diff \"${PODS_PODFILE_DIR_PATH}/Podfile.lock\" \"${PODS_ROOT}/Manifest.lock\" > /dev/null\nif [ $? != 0 ] ; then\n    # print error to STDERR\n    echo \"error: The sandbox is not in sync with the Podfile.lock. Run 'pod install' or update your CocoaPods installation.\" >&2\n    exit 1\nfi\n# This output is used by Xcode 'outputs' to avoid re-running this script phase.\necho \"SUCCESS\" > \"${SCRIPT_OUTPUT_FILE_0}\"\n";
			showEnvVarsInLog = 0;
		};
/* End PBXShellScriptBuildPhase section */

/* Begin PBXSourcesBuildPhase section */
		7AC5A25D2C08302600B83D24 /* Sources */ = {
			isa = PBXSourcesBuildPhase;
			buildActionMask = 2147483647;
			files = (
				7AC5A2692C08302600B83D24 /* ViewController.swift in Sources */,
				7AC5A2652C08302600B83D24 /* AppDelegate.swift in Sources */,
				7AC5A2672C08302600B83D24 /* SceneDelegate.swift in Sources */,
			);
			runOnlyForDeploymentPostprocessing = 0;
		};
		7AC5A2732C08302700B83D24 /* Sources */ = {
			isa = PBXSourcesBuildPhase;
			buildActionMask = 2147483647;
			files = (
				7AC5A27C2C08302700B83D24 /* ThreadSafeExampleTests.swift in Sources */,
			);
			runOnlyForDeploymentPostprocessing = 0;
		};
/* End PBXSourcesBuildPhase section */

/* Begin PBXTargetDependency section */
		7AC5A2792C08302700B83D24 /* PBXTargetDependency */ = {
			isa = PBXTargetDependency;
			target = 7AC5A2602C08302600B83D24 /* ThreadSafeExample */;
			targetProxy = 7AC5A2782C08302700B83D24 /* PBXContainerItemProxy */;
		};
/* End PBXTargetDependency section */

/* Begin PBXVariantGroup section */
		7AC5A26A2C08302600B83D24 /* Main.storyboard */ = {
			isa = PBXVariantGroup;
			children = (
				7AC5A26B2C08302600B83D24 /* Base */,
			);
			name = Main.storyboard;
			sourceTree = "<group>";
		};
		7AC5A26F2C08302700B83D24 /* LaunchScreen.storyboard */ = {
			isa = PBXVariantGroup;
			children = (
				7AC5A2702C08302700B83D24 /* Base */,
			);
			name = LaunchScreen.storyboard;
			sourceTree = "<group>";
		};
/* End PBXVariantGroup section */

/* Begin XCBuildConfiguration section */
		7AC5A2892C08302700B83D24 /* Debug */ = {
			isa = XCBuildConfiguration;
			buildSettings = {
				ALWAYS_SEARCH_USER_PATHS = NO;
				ASSETCATALOG_COMPILER_GENERATE_SWIFT_ASSET_SYMBOL_EXTENSIONS = YES;
				CLANG_ANALYZER_NONNULL = YES;
				CLANG_ANALYZER_NUMBER_OBJECT_CONVERSION = YES_AGGRESSIVE;
				CLANG_CXX_LANGUAGE_STANDARD = "gnu++20";
				CLANG_ENABLE_MODULES = YES;
				CLANG_ENABLE_OBJC_ARC = YES;
				CLANG_ENABLE_OBJC_WEAK = YES;
				CLANG_WARN_BLOCK_CAPTURE_AUTORELEASING = YES;
				CLANG_WARN_BOOL_CONVERSION = YES;
				CLANG_WARN_COMMA = YES;
				CLANG_WARN_CONSTANT_CONVERSION = YES;
				CLANG_WARN_DEPRECATED_OBJC_IMPLEMENTATIONS = YES;
				CLANG_WARN_DIRECT_OBJC_ISA_USAGE = YES_ERROR;
				CLANG_WARN_DOCUMENTATION_COMMENTS = YES;
				CLANG_WARN_EMPTY_BODY = YES;
				CLANG_WARN_ENUM_CONVERSION = YES;
				CLANG_WARN_INFINITE_RECURSION = YES;
				CLANG_WARN_INT_CONVERSION = YES;
				CLANG_WARN_NON_LITERAL_NULL_CONVERSION = YES;
				CLANG_WARN_OBJC_IMPLICIT_RETAIN_SELF = YES;
				CLANG_WARN_OBJC_LITERAL_CONVERSION = YES;
				CLANG_WARN_OBJC_ROOT_CLASS = YES_ERROR;
				CLANG_WARN_QUOTED_INCLUDE_IN_FRAMEWORK_HEADER = YES;
				CLANG_WARN_RANGE_LOOP_ANALYSIS = YES;
				CLANG_WARN_STRICT_PROTOTYPES = YES;
				CLANG_WARN_SUSPICIOUS_MOVE = YES;
				CLANG_WARN_UNGUARDED_AVAILABILITY = YES_AGGRESSIVE;
				CLANG_WARN_UNREACHABLE_CODE = YES;
				CLANG_WARN__DUPLICATE_METHOD_MATCH = YES;
				COPY_PHASE_STRIP = NO;
				DEBUG_INFORMATION_FORMAT = dwarf;
				ENABLE_STRICT_OBJC_MSGSEND = YES;
				ENABLE_TESTABILITY = YES;
				ENABLE_USER_SCRIPT_SANDBOXING = YES;
				GCC_C_LANGUAGE_STANDARD = gnu17;
				GCC_DYNAMIC_NO_PIC = NO;
				GCC_NO_COMMON_BLOCKS = YES;
				GCC_OPTIMIZATION_LEVEL = 0;
				GCC_PREPROCESSOR_DEFINITIONS = (
					"DEBUG=1",
					"$(inherited)",
				);
				GCC_WARN_64_TO_32_BIT_CONVERSION = YES;
				GCC_WARN_ABOUT_RETURN_TYPE = YES_ERROR;
				GCC_WARN_UNDECLARED_SELECTOR = YES;
				GCC_WARN_UNINITIALIZED_AUTOS = YES_AGGRESSIVE;
				GCC_WARN_UNUSED_FUNCTION = YES;
				GCC_WARN_UNUSED_VARIABLE = YES;
				IPHONEOS_DEPLOYMENT_TARGET = 13.0;
				LOCALIZATION_PREFERS_STRING_CATALOGS = YES;
				MTL_ENABLE_DEBUG_INFO = INCLUDE_SOURCE;
				MTL_FAST_MATH = YES;
				ONLY_ACTIVE_ARCH = YES;
				SDKROOT = iphoneos;
				SWIFT_ACTIVE_COMPILATION_CONDITIONS = "DEBUG $(inherited)";
				SWIFT_OPTIMIZATION_LEVEL = "-Onone";
			};
			name = Debug;
		};
		7AC5A28A2C08302700B83D24 /* Release */ = {
			isa = XCBuildConfiguration;
			buildSettings = {
				ALWAYS_SEARCH_USER_PATHS = NO;
				ASSETCATALOG_COMPILER_GENERATE_SWIFT_ASSET_SYMBOL_EXTENSIONS = YES;
				CLANG_ANALYZER_NONNULL = YES;
				CLANG_ANALYZER_NUMBER_OBJECT_CONVERSION = YES_AGGRESSIVE;
				CLANG_CXX_LANGUAGE_STANDARD = "gnu++20";
				CLANG_ENABLE_MODULES = YES;
				CLANG_ENABLE_OBJC_ARC = YES;
				CLANG_ENABLE_OBJC_WEAK = YES;
				CLANG_WARN_BLOCK_CAPTURE_AUTORELEASING = YES;
				CLANG_WARN_BOOL_CONVERSION = YES;
				CLANG_WARN_COMMA = YES;
				CLANG_WARN_CONSTANT_CONVERSION = YES;
				CLANG_WARN_DEPRECATED_OBJC_IMPLEMENTATIONS = YES;
				CLANG_WARN_DIRECT_OBJC_ISA_USAGE = YES_ERROR;
				CLANG_WARN_DOCUMENTATION_COMMENTS = YES;
				CLANG_WARN_EMPTY_BODY = YES;
				CLANG_WARN_ENUM_CONVERSION = YES;
				CLANG_WARN_INFINITE_RECURSION = YES;
				CLANG_WARN_INT_CONVERSION = YES;
				CLANG_WARN_NON_LITERAL_NULL_CONVERSION = YES;
				CLANG_WARN_OBJC_IMPLICIT_RETAIN_SELF = YES;
				CLANG_WARN_OBJC_LITERAL_CONVERSION = YES;
				CLANG_WARN_OBJC_ROOT_CLASS = YES_ERROR;
				CLANG_WARN_QUOTED_INCLUDE_IN_FRAMEWORK_HEADER = YES;
				CLANG_WARN_RANGE_LOOP_ANALYSIS = YES;
				CLANG_WARN_STRICT_PROTOTYPES = YES;
				CLANG_WARN_SUSPICIOUS_MOVE = YES;
				CLANG_WARN_UNGUARDED_AVAILABILITY = YES_AGGRESSIVE;
				CLANG_WARN_UNREACHABLE_CODE = YES;
				CLANG_WARN__DUPLICATE_METHOD_MATCH = YES;
				COPY_PHASE_STRIP = NO;
				DEBUG_INFORMATION_FORMAT = "dwarf-with-dsym";
				ENABLE_NS_ASSERTIONS = NO;
				ENABLE_STRICT_OBJC_MSGSEND = YES;
				ENABLE_USER_SCRIPT_SANDBOXING = YES;
				GCC_C_LANGUAGE_STANDARD = gnu17;
				GCC_NO_COMMON_BLOCKS = YES;
				GCC_WARN_64_TO_32_BIT_CONVERSION = YES;
				GCC_WARN_ABOUT_RETURN_TYPE = YES_ERROR;
				GCC_WARN_UNDECLARED_SELECTOR = YES;
				GCC_WARN_UNINITIALIZED_AUTOS = YES_AGGRESSIVE;
				GCC_WARN_UNUSED_FUNCTION = YES;
				GCC_WARN_UNUSED_VARIABLE = YES;
				IPHONEOS_DEPLOYMENT_TARGET = 13.0;
				LOCALIZATION_PREFERS_STRING_CATALOGS = YES;
				MTL_ENABLE_DEBUG_INFO = NO;
				MTL_FAST_MATH = YES;
				SDKROOT = iphoneos;
				SWIFT_COMPILATION_MODE = wholemodule;
				VALIDATE_PRODUCT = YES;
			};
			name = Release;
		};
		7AC5A28C2C08302700B83D24 /* Debug */ = {
			isa = XCBuildConfiguration;
			baseConfigurationReference = 7AAD1A848AC9C0A83A101F55 /* Pods-ThreadSafeExample.debug.xcconfig */;
			buildSettings = {
				ASSETCATALOG_COMPILER_APPICON_NAME = AppIcon;
				ASSETCATALOG_COMPILER_GLOBAL_ACCENT_COLOR_NAME = AccentColor;
				CODE_SIGN_STYLE = Automatic;
				CURRENT_PROJECT_VERSION = 1;
				DEVELOPMENT_TEAM = KJ6AEY5JEH;
				ENABLE_USER_SCRIPT_SANDBOXING = NO;
				GENERATE_INFOPLIST_FILE = YES;
				INFOPLIST_FILE = ThreadSafeExample/Info.plist;
				INFOPLIST_KEY_UIApplicationSupportsIndirectInputEvents = YES;
				INFOPLIST_KEY_UILaunchStoryboardName = LaunchScreen;
				INFOPLIST_KEY_UIMainStoryboardFile = Main;
				INFOPLIST_KEY_UISupportedInterfaceOrientations_iPad = "UIInterfaceOrientationPortrait UIInterfaceOrientationPortraitUpsideDown UIInterfaceOrientationLandscapeLeft UIInterfaceOrientationLandscapeRight";
				INFOPLIST_KEY_UISupportedInterfaceOrientations_iPhone = "UIInterfaceOrientationPortrait UIInterfaceOrientationLandscapeLeft UIInterfaceOrientationLandscapeRight";
				LD_RUNPATH_SEARCH_PATHS = (
					"$(inherited)",
					"@executable_path/Frameworks",
				);
				MARKETING_VERSION = 1.0;
				PRODUCT_BUNDLE_IDENTIFIER = com.ruanmei.ThreadSafeExample;
				PRODUCT_NAME = "$(TARGET_NAME)";
				SWIFT_EMIT_LOC_STRINGS = YES;
				SWIFT_VERSION = 5.0;
				TARGETED_DEVICE_FAMILY = "1,2";
			};
			name = Debug;
		};
		7AC5A28D2C08302700B83D24 /* Release */ = {
			isa = XCBuildConfiguration;
			baseConfigurationReference = E751D81A9C7F3CD47767B608 /* Pods-ThreadSafeExample.release.xcconfig */;
			buildSettings = {
				ASSETCATALOG_COMPILER_APPICON_NAME = AppIcon;
				ASSETCATALOG_COMPILER_GLOBAL_ACCENT_COLOR_NAME = AccentColor;
				CODE_SIGN_STYLE = Automatic;
				CURRENT_PROJECT_VERSION = 1;
				DEVELOPMENT_TEAM = KJ6AEY5JEH;
				ENABLE_USER_SCRIPT_SANDBOXING = NO;
				GENERATE_INFOPLIST_FILE = YES;
				INFOPLIST_FILE = ThreadSafeExample/Info.plist;
				INFOPLIST_KEY_UIApplicationSupportsIndirectInputEvents = YES;
				INFOPLIST_KEY_UILaunchStoryboardName = LaunchScreen;
				INFOPLIST_KEY_UIMainStoryboardFile = Main;
				INFOPLIST_KEY_UISupportedInterfaceOrientations_iPad = "UIInterfaceOrientationPortrait UIInterfaceOrientationPortraitUpsideDown UIInterfaceOrientationLandscapeLeft UIInterfaceOrientationLandscapeRight";
				INFOPLIST_KEY_UISupportedInterfaceOrientations_iPhone = "UIInterfaceOrientationPortrait UIInterfaceOrientationLandscapeLeft UIInterfaceOrientationLandscapeRight";
				LD_RUNPATH_SEARCH_PATHS = (
					"$(inherited)",
					"@executable_path/Frameworks",
				);
				MARKETING_VERSION = 1.0;
				PRODUCT_BUNDLE_IDENTIFIER = com.ruanmei.ThreadSafeExample;
				PRODUCT_NAME = "$(TARGET_NAME)";
				SWIFT_EMIT_LOC_STRINGS = YES;
				SWIFT_VERSION = 5.0;
				TARGETED_DEVICE_FAMILY = "1,2";
			};
			name = Release;
		};
		7AC5A28F2C08302700B83D24 /* Debug */ = {
			isa = XCBuildConfiguration;
			baseConfigurationReference = D323579BD2D17314E3D54CB7 /* Pods-ThreadSafeExampleTests.debug.xcconfig */;
			buildSettings = {
				ALWAYS_EMBED_SWIFT_STANDARD_LIBRARIES = YES;
				BUNDLE_LOADER = "$(TEST_HOST)";
				CODE_SIGN_STYLE = Automatic;
				CURRENT_PROJECT_VERSION = 1;
				DEVELOPMENT_TEAM = KJ6AEY5JEH;
				GENERATE_INFOPLIST_FILE = YES;
				IPHONEOS_DEPLOYMENT_TARGET = 13.0;
				MARKETING_VERSION = 1.0;
				PRODUCT_BUNDLE_IDENTIFIER = com.ruanmei.ThreadSafeExampleTests;
				PRODUCT_NAME = "$(TARGET_NAME)";
				SWIFT_EMIT_LOC_STRINGS = NO;
				SWIFT_VERSION = 5.0;
				TARGETED_DEVICE_FAMILY = "1,2";
				TEST_HOST = "$(BUILT_PRODUCTS_DIR)/ThreadSafeExample.app/$(BUNDLE_EXECUTABLE_FOLDER_PATH)/ThreadSafeExample";
				TVOS_DEPLOYMENT_TARGET = 16.0;
			};
			name = Debug;
		};
		7AC5A2902C08302700B83D24 /* Release */ = {
			isa = XCBuildConfiguration;
			baseConfigurationReference = 33639B366F5FEE10236A9914 /* Pods-ThreadSafeExampleTests.release.xcconfig */;
			buildSettings = {
				ALWAYS_EMBED_SWIFT_STANDARD_LIBRARIES = YES;
				BUNDLE_LOADER = "$(TEST_HOST)";
				CODE_SIGN_STYLE = Automatic;
				CURRENT_PROJECT_VERSION = 1;
				DEVELOPMENT_TEAM = KJ6AEY5JEH;
				GENERATE_INFOPLIST_FILE = YES;
				IPHONEOS_DEPLOYMENT_TARGET = 13.0;
				MARKETING_VERSION = 1.0;
				PRODUCT_BUNDLE_IDENTIFIER = com.ruanmei.ThreadSafeExampleTests;
				PRODUCT_NAME = "$(TARGET_NAME)";
				SWIFT_EMIT_LOC_STRINGS = NO;
				SWIFT_VERSION = 5.0;
				TARGETED_DEVICE_FAMILY = "1,2";
				TEST_HOST = "$(BUILT_PRODUCTS_DIR)/ThreadSafeExample.app/$(BUNDLE_EXECUTABLE_FOLDER_PATH)/ThreadSafeExample";
				TVOS_DEPLOYMENT_TARGET = 16.0;
			};
			name = Release;
		};
/* End XCBuildConfiguration section */

/* Begin XCConfigurationList section */
		7AC5A25C2C08302600B83D24 /* Build configuration list for PBXProject "ThreadSafeExample" */ = {
			isa = XCConfigurationList;
			buildConfigurations = (
				7AC5A2892C08302700B83D24 /* Debug */,
				7AC5A28A2C08302700B83D24 /* Release */,
			);
			defaultConfigurationIsVisible = 0;
			defaultConfigurationName = Release;
		};
		7AC5A28B2C08302700B83D24 /* Build configuration list for PBXNativeTarget "ThreadSafeExample" */ = {
			isa = XCConfigurationList;
			buildConfigurations = (
				7AC5A28C2C08302700B83D24 /* Debug */,
				7AC5A28D2C08302700B83D24 /* Release */,
			);
			defaultConfigurationIsVisible = 0;
			defaultConfigurationName = Release;
		};
		7AC5A28E2C08302700B83D24 /* Build configuration list for PBXNativeTarget "ThreadSafeExampleTests" */ = {
			isa = XCConfigurationList;
			buildConfigurations = (
				7AC5A28F2C08302700B83D24 /* Debug */,
				7AC5A2902C08302700B83D24 /* Release */,
			);
			defaultConfigurationIsVisible = 0;
			defaultConfigurationName = Release;
		};
/* End XCConfigurationList section */
	};
	rootObject = 7AC5A2592C08302600B83D24 /* Project object */;
}
