// !$*UTF8*$!
{
	archiveVersion = 1;
	classes = {
	};
	objectVersion = 60;
	objects = {

/* Begin PBXBuildFile section */
		7A9BBDF22F2B467200CE484B /* ThreadSafe in Frameworks */ = {isa = PBXBuildFile; productRef = 7A9BBDF12F2B467200CE484B /* ThreadSafe */; };
		7A9BBDF72F2B506100CE484B /* ThreadSafeExampleDeps in Frameworks */ = {isa = PBXBuildFile; productRef = 7A9BBDF62F2B506100CE484B /* ThreadSafeExampleDeps */; };
		7AC5A2652C08302600B83D24 /* AppDelegate.swift in Sources */ = {isa = PBXBuildFile; fileRef = 7AC5A2642C08302600B83D24 /* AppDelegate.swift */; };
		7AC5A2672C08302600B83D24 /* SceneDelegate.swift in Sources */ = {isa = PBXBuildFile; fileRef = 7AC5A2662C08302600B83D24 /* SceneDelegate.swift */; };
		7AC5A2692C08302600B83D24 /* ViewController.swift in Sources */ = {isa = PBXBuildFile; fileRef = 7AC5A2682C08302600B83D24 /* ViewController.swift */; };
		7AC5A26C2C08302600B83D24 /* Main.storyboard in Resources */ = {isa = PBXBuildFile; fileRef = 7AC5A26A2C08302600B83D24 /* Main.storyboard */; };
		7AC5A26E2C08302700B83D24 /* Assets.xcassets in Resources */ = {isa = PBXBuildFile; fileRef = 7AC5A26D2C08302700B83D24 /* Assets.xcassets */; };
		7AC5A2712C08302700B83D24 /* LaunchScreen.storyboard in Resources */ = {isa = PBXBuildFile; fileRef = 7AC5A26F2C08302700B83D24 /* LaunchScreen.storyboard */; };
		7AC5A27C2C08302700B83D24 /* ThreadSafeExampleTests.swift in Sources */ = {isa = PBXBuildFile; fileRef = 7AC5A27B2C08302700B83D24 /* ThreadSafeExampleTests.swift */; };
/* End PBXBuildFile section */

/* Begin PBXContainerItemProxy section */
		7AC5A2782C08302700B83D24 /* PBXContainerItemProxy */ = {
			isa = PBXContainerItemProxy;
			containerPortal = 7AC5A2592C08302600B83D24 /* Project object */;
			proxyType = 1;
			remoteGlobalIDString = 7AC5A2602C08302600B83D24;
			remoteInfo = ThreadSafeExample;
		};
/* End PBXContainerItemProxy section */

/* Begin PBXFileReference section */
		7AC5A2612C08302600B83D24 /* ThreadSafeExample.app */ = {isa = PBXFileReference; explicitFileType = wrapper.application; includeInIndex = 0; path = ThreadSafeExample.app; sourceTree = BUILT_PRODUCTS_DIR; };
		7AC5A2642C08302600B83D24 /* AppDelegate.swift */ = {isa = PBXFileReference; lastKnownFileType = sourcecode.swift; path = AppDelegate.swift; sourceTree = "<group>"; };
		7AC5A2662C08302600B83D24 /* SceneDelegate.swift */ = {isa = PBXFileReference; lastKnownFileType = sourcecode.swift; path = SceneDelegate.swift; sourceTree = "<group>"; };
		7AC5A2682C08302600B83D24 /* ViewController.swift */ = {isa = PBXFileReference; lastKnownFileType = sourcecode.swift; path = ViewController.swift; sourceTree = "<group>"; };
		7AC5A26B2C08302600B83D24 /* Base */ = {isa = PBXFileReference; lastKnownFileType = file.storyboard; name = Base; path = Base.lproj/Main.storyboard; sourceTree = "<group>"; };
		7AC5A26D2C08302700B83D24 /* Assets.xcassets */ = {isa = PBXFileReference; lastKnownFileType = folder.assetcatalog; path = Assets.xcassets; sourceTree = "<group>"; };
		7AC5A2702C08302700B83D24 /* Base */ = {isa = PBXFileReference; lastKnownFileType = file.storyboard; name = Base; path = Base.lproj/LaunchScreen.storyboard; sourceTree = "<group>"; };
		7AC5A2722C08302700B83D24 /* Info.plist */ = {isa = PBXFileReference; lastKnownFileType = text.plist.xml; path = Info.plist; sourceTree = "<group>"; };
		7AC5A2772C08302700B83D24 /* ThreadSafeExampleTests.xctest */ = {isa = PBXFileReference; explicitFileType = wrapper.cfbundle; includeInIndex = 0; path = ThreadSafeExampleTests.xctest; sourceTree = BUILT_PRODUCTS_DIR; };
		7AC5A27B2C08302700B83D24 /* ThreadSafeExampleTests.swift */ = {isa = PBXFileReference; lastKnownFileType = sourcecode.swift; path = ThreadSafeExampleTests.swift; sourceTree = "<group>"; };
/* End PBXFileReference section */

/* Begin PBXFrameworksBuildPhase section */
		7AC5A25E2C08302600B83D24 /* Frameworks */ = {
			isa = PBXFrameworksBuildPhase;
			buildActionMask = 2147483647;
			files = (
				7A9BBDF72F2B506100CE484B /* ThreadSafeExampleDeps in Frameworks */,
				7A9BBDF22F2B467200CE484B /* ThreadSafe in Frameworks */,
			);
			runOnlyForDeploymentPostprocessing = 0;
		};
		7AC5A2742C08302700B83D24 /* Frameworks */ = {
			isa = PBXFrameworksBuildPhase;
			buildActionMask = 2147483647;
			files = (
			);
			runOnlyForDeploymentPostprocessing = 0;
		};
/* End PBXFrameworksBuildPhase section */

/* Begin PBXGroup section */
		7AC5A2582C08302600B83D24 = {
			isa = PBXGroup;
			children = (
				7AC5A2632C08302600B83D24 /* ThreadSafeExample */,
				7AC5A27A2C08302700B83D24 /* ThreadSafeExampleTests */,
				7AC5A2622C08302600B83D24 /* Products */,
			);
			sourceTree = "<group>";
		};
		7AC5A2622C08302600B83D24 /* Products */ = {
			isa = PBXGroup;
			children = (
				7AC5A2612C08302600B83D24 /* ThreadSafeExample.app */,
				7AC5A2772C08302700B83D24 /* ThreadSafeExampleTests.xctest */,
			);
			name = Products;
			sourceTree = "<group>";
		};
		7AC5A2632C08302600B83D24 /* ThreadSafeExample */ = {
			isa = PBXGroup;
			children = (
				7AC5A2642C08302600B83D24 /* AppDelegate.swift */,
				7AC5A2662C08302600B83D24 /* SceneDelegate.swift */,
				7AC5A2682C08302600B83D24 /* ViewController.swift */,
				7AC5A26A2C08302600B83D24 /* Main.storyboard */,
				7AC5A26D2C08302700B83D24 /* Assets.xcassets */,
				7AC5A26F2C08302700B83D24 /* LaunchScreen.storyboard */,
				7AC5A2722C08302700B83D24 /* Info.plist */,
			);
			path = ThreadSafeExample;
			sourceTree = "<group>";
		};
		7AC5A27A2C08302700B83D24 /* ThreadSafeExampleTests */ = {
			isa = PBXGroup;
			children = (
				7AC5A27B2C08302700B83D24 /* ThreadSafeExampleTests.swift */,
			);
			path = ThreadSafeExampleTests;
			sourceTree = "<group>";
		};
/* End PBXGroup section */

/* Begin PBXNativeTarget section */
		7AC5A2602C08302600B83D24 /* ThreadSafeExample */ = {
			isa = PBXNativeTarget;
			buildConfigurationList = 7AC5A28B2C08302700B83D24 /* Build configuration list for PBXNativeTarget "ThreadSafeExample" */;
			buildPhases = (
				7AC5A25D2C08302600B83D24 /* Sources */,
				7AC5A25E2C08302600B83D24 /* Frameworks */,
				7AC5A25F2C08302600B83D24 /* Resources */,
				7A9BBDF42F2B4EE000CE484B /* ShellScript */,
			);
			buildRules = (
			);
			dependencies = (
			);
			name = ThreadSafeExample;
			productName = ThreadSafeExample;
			productReference = 7AC5A2612C08302600B83D24 /* ThreadSafeExample.app */;
			productType = "com.apple.product-type.application";
		};
		7AC5A2762C08302700B83D24 /* ThreadSafeExampleTests */ = {
			isa = PBXNativeTarget;
			buildConfigurationList = 7AC5A28E2C08302700B83D24 /* Build configuration list for PBXNativeTarget "ThreadSafeExampleTests" */;
			buildPhases = (
				7AC5A2732C08302700B83D24 /* Sources */,
				7AC5A2742C08302700B83D24 /* Frameworks */,
				7AC5A2752C08302700B83D24 /* Resources */,
			);
			buildRules = (
			);
			dependencies = (
				7AC5A2792C08302700B83D24 /* PBXTargetDependency */,
			);
			name = ThreadSafeExampleTests;
			productName = ThreadSafeExampleTests;
			productReference = 7AC5A2772C08302700B83D24 /* ThreadSafeExampleTests.xctest */;
			productType = "com.apple.product-type.bundle.unit-test";
		};
/* End PBXNativeTarget section */

/* Begin PBXProject section */
		7AC5A2592C08302600B83D24 /* Project object */ = {
			isa = PBXProject;
			attributes = {
				BuildIndependentTargetsInParallel = 1;
				LastSwiftUpdateCheck = 1520;
				LastUpgradeCheck = 1520;
				TargetAttributes = {
					7AC5A2602C08302600B83D24 = {
						CreatedOnToolsVersion = 15.2;
					};
					7AC5A2762C08302700B83D24 = {
						CreatedOnToolsVersion = 15.2;
						TestTargetID = 7AC5A2602C08302600B83D24;
					};
				};
			};
			buildConfigurationList = 7AC5A25C2C08302600B83D24 /* Build configuration list for PBXProject "ThreadSafeExample" */;
			compatibilityVersion = "Xcode 14.0";
			developmentRegion = en;
			hasScannedForEncodings = 0;
			knownRegions = (
				en,
				Base,
			);
			mainGroup = 7AC5A2582C08302600B83D24;
			packageReferences = (
				7A9BBDF52F2B506100CE484B /* XCLocalSwiftPackageReference "ThreadSafeExamplePackage" */,
			);
			productRefGroup = 7AC5A2622C08302600B83D24 /* Products */;
			projectDirPath = "";
			projectRoot = "";
			targets = (
				7AC5A2602C08302600B83D24 /* ThreadSafeExample */,
				7AC5A2762C08302700B83D24 /* ThreadSafeExampleTests */,
			);
		};
/* End PBXProject section */

/* Begin PBXResourcesBuildPhase section */
		7AC5A25F2C08302600B83D24 /* Resources */ = {
			isa = PBXResourcesBuildPhase;
			buildActionMask = 2147483647;
			files = (
				7AC5A2712C08302700B83D24 /* LaunchScreen.storyboard in Resources */,
				7AC5A26E2C08302700B83D24 /* Assets.xcassets in Resources */,
				7AC5A26C2C08302600B83D24 /* Main.storyboard in Resources */,
			);
			runOnlyForDeploymentPostprocessing = 0;
		};
		7AC5A2752C08302700B83D24 /* Resources */ = {
			isa = PBXResourcesBuildPhase;
			buildActionMask = 2147483647;
			files = (
			);
			runOnlyForDeploymentPostprocessing = 0;
		};
/* End PBXResourcesBuildPhase section */

/* Begin PBXShellScriptBuildPhase section */
		7A9BBDF42F2B4EE000CE484B /* ShellScript */ = {
			isa = PBXShellScriptBuildPhase;
			buildActionMask = 2147483647;
			files = (
			);
			inputFileListPaths = (
			);
			inputPaths = (
			);
			outputFileListPaths = (
			);
			outputPaths = (
			);
			runOnlyForDeploymentPostprocessing = 0;
			shellPath = /bin/sh;
			shellScript = "SWIFT_PACKAGE_DIR=\"${BUILD_DIR%Build/*}SourcePackages/artifacts\"\nSWIFTLINT_CMD=\"$SWIFT_PACKAGE_DIR/swiftlintplugins/SwiftLintBinary/SwiftLintBinary.artifactbundle/macos/swiftlint\"\n\nif test -f \"$SWIFTLINT_CMD\" 2>&1\nthen\n    \"$SWIFTLINT_CMD\" --strict\nelse\n    echo \"warning: `swiftlint` command not found - See https://github.com/realm/SwiftLint#xcode-run-script-build-phase for installation instructions.\"\nfi\n";
		};
/* End PBXShellScriptBuildPhase section */

/* Begin PBXSourcesBuildPhase section */
		7AC5A25D2C08302600B83D24 /* Sources */ = {
			isa = PBXSourcesBuildPhase;
			buildActionMask = 2147483647;
			files = (
				7AC5A2692C08302600B83D24 /* ViewController.swift in Sources */,
				7AC5A2652C08302600B83D24 /* AppDelegate.swift in Sources */,
				7AC5A2672C08302600B83D24 /* SceneDelegate.swift in Sources */,
			);
			runOnlyForDeploymentPostprocessing = 0;
		};
		7AC5A2732C08302700B83D24 /* Sources */ = {
			isa = PBXSourcesBuildPhase;
			buildActionMask = 2147483647;
			files = (
				7AC5A27C2C08302700B83D24 /* ThreadSafeExampleTests.swift in Sources */,
			);
			runOnlyForDeploymentPostprocessing = 0;
		};
/* End PBXSourcesBuildPhase section */

/* Begin PBXTargetDependency section */
		7AC5A2792C08302700B83D24 /* PBXTargetDependency */ = {
			isa = PBXTargetDependency;
			target = 7AC5A2602C08302600B83D24 /* ThreadSafeExample */;
			targetProxy = 7AC5A2782C08302700B83D24 /* PBXContainerItemProxy */;
		};
/* End PBXTargetDependency section */

/* Begin PBXVariantGroup section */
		7AC5A26A2C08302600B83D24 /* Main.storyboard */ = {
			isa = PBXVariantGroup;
			children = (
				7AC5A26B2C08302600B83D24 /* Base */,
			);
			name = Main.storyboard;
			sourceTree = "<group>";
		};
		7AC5A26F2C08302700B83D24 /* LaunchScreen.storyboard */ = {
			isa = PBXVariantGroup;
			children = (
				7AC5A2702C08302700B83D24 /* Base */,
			);
			name = LaunchScreen.storyboard;
			sourceTree = "<group>";
		};
/* End PBXVariantGroup section */

/* Begin XCBuildConfiguration section */
		7AC5A2892C08302700B83D24 /* Debug */ = {
			isa = XCBuildConfiguration;
			buildSettings = {
				ALWAYS_SEARCH_USER_PATHS = NO;
				ASSETCATALOG_COMPILER_GENERATE_SWIFT_ASSET_SYMBOL_EXTENSIONS = YES;
				CLANG_ANALYZER_NONNULL = YES;
				CLANG_ANALYZER_NUMBER_OBJECT_CONVERSION = YES_AGGRESSIVE;
				CLANG_CXX_LANGUAGE_STANDARD = "gnu++20";
				CLANG_ENABLE_MODULES = YES;
				CLANG_ENABLE_OBJC_ARC = YES;
				CLANG_ENABLE_OBJC_WEAK = YES;
				CLANG_WARN_BLOCK_CAPTURE_AUTORELEASING = YES;
				CLANG_WARN_BOOL_CONVERSION = YES;
				CLANG_WARN_COMMA = YES;
				CLANG_WARN_CONSTANT_CONVERSION = YES;
				CLANG_WARN_DEPRECATED_OBJC_IMPLEMENTATIONS = YES;
				CLANG_WARN_DIRECT_OBJC_ISA_USAGE = YES_ERROR;
				CLANG_WARN_DOCUMENTATION_COMMENTS = YES;
				CLANG_WARN_EMPTY_BODY = YES;
				CLANG_WARN_ENUM_CONVERSION = YES;
				CLANG_WARN_INFINITE_RECURSION = YES;
				CLANG_WARN_INT_CONVERSION = YES;
				CLANG_WARN_NON_LITERAL_NULL_CONVERSION = YES;
				CLANG_WARN_OBJC_IMPLICIT_RETAIN_SELF = YES;
				CLANG_WARN_OBJC_LITERAL_CONVERSION = YES;
				CLANG_WARN_OBJC_ROOT_CLASS = YES_ERROR;
				CLANG_WARN_QUOTED_INCLUDE_IN_FRAMEWORK_HEADER = YES;
				CLANG_WARN_RANGE_LOOP_ANALYSIS = YES;
				CLANG_WARN_STRICT_PROTOTYPES = YES;
				CLANG_WARN_SUSPICIOUS_MOVE = YES;
				CLANG_WARN_UNGUARDED_AVAILABILITY = YES_AGGRESSIVE;
				CLANG_WARN_UNREACHABLE_CODE = YES;
				CLANG_WARN__DUPLICATE_METHOD_MATCH = YES;
				COPY_PHASE_STRIP = NO;
				DEBUG_INFORMATION_FORMAT = dwarf;
				ENABLE_STRICT_OBJC_MSGSEND = YES;
				ENABLE_TESTABILITY = YES;
				ENABLE_USER_SCRIPT_SANDBOXING = YES;
				GCC_C_LANGUAGE_STANDARD = gnu17;
				GCC_DYNAMIC_NO_PIC = NO;
				GCC_NO_COMMON_BLOCKS = YES;
				GCC_OPTIMIZATION_LEVEL = 0;
				GCC_PREPROCESSOR_DEFINITIONS = (
					"DEBUG=1",
					"$(inherited)",
				);
				GCC_WARN_64_TO_32_BIT_CONVERSION = YES;
				GCC_WARN_ABOUT_RETURN_TYPE = YES_ERROR;
				GCC_WARN_UNDECLARED_SELECTOR = YES;
				GCC_WARN_UNINITIALIZED_AUTOS = YES_AGGRESSIVE;
				GCC_WARN_UNUSED_FUNCTION = YES;
				GCC_WARN_UNUSED_VARIABLE = YES;
				IPHONEOS_DEPLOYMENT_TARGET = 13.0;
				LOCALIZATION_PREFERS_STRING_CATALOGS = YES;
				MTL_ENABLE_DEBUG_INFO = INCLUDE_SOURCE;
				MTL_FAST_MATH = YES;
				ONLY_ACTIVE_ARCH = YES;
				SDKROOT = iphoneos;
				SWIFT_ACTIVE_COMPILATION_CONDITIONS = "DEBUG $(inherited)";
				SWIFT_OPTIMIZATION_LEVEL = "-Onone";
			};
			name = Debug;
		};
		7AC5A28A2C08302700B83D24 /* Release */ = {
			isa = XCBuildConfiguration;
			buildSettings = {
				ALWAYS_SEARCH_USER_PATHS = NO;
				ASSETCATALOG_COMPILER_GENERATE_SWIFT_ASSET_SYMBOL_EXTENSIONS = YES;
				CLANG_ANALYZER_NONNULL = YES;
				CLANG_ANALYZER_NUMBER_OBJECT_CONVERSION = YES_AGGRESSIVE;
				CLANG_CXX_LANGUAGE_STANDARD = "gnu++20";
				CLANG_ENABLE_MODULES = YES;
				CLANG_ENABLE_OBJC_ARC = YES;
				CLANG_ENABLE_OBJC_WEAK = YES;
				CLANG_WARN_BLOCK_CAPTURE_AUTORELEASING = YES;
				CLANG_WARN_BOOL_CONVERSION = YES;
				CLANG_WARN_COMMA = YES;
				CLANG_WARN_CONSTANT_CONVERSION = YES;
				CLANG_WARN_DEPRECATED_OBJC_IMPLEMENTATIONS = YES;
				CLANG_WARN_DIRECT_OBJC_ISA_USAGE = YES_ERROR;
				CLANG_WARN_DOCUMENTATION_COMMENTS = YES;
				CLANG_WARN_EMPTY_BODY = YES;
				CLANG_WARN_ENUM_CONVERSION = YES;
				CLANG_WARN_INFINITE_RECURSION = YES;
				CLANG_WARN_INT_CONVERSION = YES;
				CLANG_WARN_NON_LITERAL_NULL_CONVERSION = YES;
				CLANG_WARN_OBJC_IMPLICIT_RETAIN_SELF = YES;
				CLANG_WARN_OBJC_LITERAL_CONVERSION = YES;
				CLANG_WARN_OBJC_ROOT_CLASS = YES_ERROR;
				CLANG_WARN_QUOTED_INCLUDE_IN_FRAMEWORK_HEADER = YES;
				CLANG_WARN_RANGE_LOOP_ANALYSIS = YES;
				CLANG_WARN_STRICT_PROTOTYPES = YES;
				CLANG_WARN_SUSPICIOUS_MOVE = YES;
				CLANG_WARN_UNGUARDED_AVAILABILITY = YES_AGGRESSIVE;
				CLANG_WARN_UNREACHABLE_CODE = YES;
				CLANG_WARN__DUPLICATE_METHOD_MATCH = YES;
				COPY_PHASE_STRIP = NO;
				DEBUG_INFORMATION_FORMAT = "dwarf-with-dsym";
				ENABLE_NS_ASSERTIONS = NO;
				ENABLE_STRICT_OBJC_MSGSEND = YES;
				ENABLE_USER_SCRIPT_SANDBOXING = YES;
				GCC_C_LANGUAGE_STANDARD = gnu17;
				GCC_NO_COMMON_BLOCKS = YES;
				GCC_WARN_64_TO_32_BIT_CONVERSION = YES;
				GCC_WARN_ABOUT_RETURN_TYPE = YES_ERROR;
				GCC_WARN_UNDECLARED_SELECTOR = YES;
				GCC_WARN_UNINITIALIZED_AUTOS = YES_AGGRESSIVE;
				GCC_WARN_UNUSED_FUNCTION = YES;
				GCC_WARN_UNUSED_VARIABLE = YES;
				IPHONEOS_DEPLOYMENT_TARGET = 13.0;
				LOCALIZATION_PREFERS_STRING_CATALOGS = YES;
				MTL_ENABLE_DEBUG_INFO = NO;
				MTL_FAST_MATH = YES;
				SDKROOT = iphoneos;
				SWIFT_COMPILATION_MODE = wholemodule;
				VALIDATE_PRODUCT = YES;
			};
			name = Release;
		};
		7AC5A28C2C08302700B83D24 /* Debug */ = {
			isa = XCBuildConfiguration;
			buildSettings = {
				ASSETCATALOG_COMPILER_APPICON_NAME = AppIcon;
				ASSETCATALOG_COMPILER_GLOBAL_ACCENT_COLOR_NAME = AccentColor;
				CODE_SIGN_STYLE = Automatic;
				CURRENT_PROJECT_VERSION = 1;
				DEVELOPMENT_TEAM = KJ6AEY5JEH;
				ENABLE_USER_SCRIPT_SANDBOXING = NO;
				GENERATE_INFOPLIST_FILE = YES;
				INFOPLIST_FILE = ThreadSafeExample/Info.plist;
				INFOPLIST_KEY_UIApplicationSupportsIndirectInputEvents = YES;
				INFOPLIST_KEY_UILaunchStoryboardName = LaunchScreen;
				INFOPLIST_KEY_UIMainStoryboardFile = Main;
				INFOPLIST_KEY_UISupportedInterfaceOrientations_iPad = "UIInterfaceOrientationPortrait UIInterfaceOrientationPortraitUpsideDown UIInterfaceOrientationLandscapeLeft UIInterfaceOrientationLandscapeRight";
				INFOPLIST_KEY_UISupportedInterfaceOrientations_iPhone = "UIInterfaceOrientationPortrait UIInterfaceOrientationLandscapeLeft UIInterfaceOrientationLandscapeRight";
				LD_RUNPATH_SEARCH_PATHS = (
					"$(inherited)",
					"@executable_path/Frameworks",
				);
				MARKETING_VERSION = 1.0;
				PRODUCT_BUNDLE_IDENTIFIER = com.cloudlessmoon.ThreadSafeExample;
				PRODUCT_NAME = "$(TARGET_NAME)";
				SWIFT_EMIT_LOC_STRINGS = YES;
				SWIFT_VERSION = 5.0;
				TARGETED_DEVICE_FAMILY = "1,2";
			};
			name = Debug;
		};
		7AC5A28D2C08302700B83D24 /* Release */ = {
			isa = XCBuildConfiguration;
			buildSettings = {
				ASSETCATALOG_COMPILER_APPICON_NAME = AppIcon;
				ASSETCATALOG_COMPILER_GLOBAL_ACCENT_COLOR_NAME = AccentColor;
				CODE_SIGN_STYLE = Automatic;
				CURRENT_PROJECT_VERSION = 1;
				DEVELOPMENT_TEAM = KJ6AEY5JEH;
				ENABLE_USER_SCRIPT_SANDBOXING = NO;
				GENERATE_INFOPLIST_FILE = YES;
				INFOPLIST_FILE = ThreadSafeExample/Info.plist;
				INFOPLIST_KEY_UIApplicationSupportsIndirectInputEvents = YES;
				INFOPLIST_KEY_UILaunchStoryboardName = LaunchScreen;
				INFOPLIST_KEY_UIMainStoryboardFile = Main;
				INFOPLIST_KEY_UISupportedInterfaceOrientations_iPad = "UIInterfaceOrientationPortrait UIInterfaceOrientationPortraitUpsideDown UIInterfaceOrientationLandscapeLeft UIInterfaceOrientationLandscapeRight";
				INFOPLIST_KEY_UISupportedInterfaceOrientations_iPhone = "UIInterfaceOrientationPortrait UIInterfaceOrientationLandscapeLeft UIInterfaceOrientationLandscapeRight";
				LD_RUNPATH_SEARCH_PATHS = (
					"$(inherited)",
					"@executable_path/Frameworks",
				);
				MARKETING_VERSION = 1.0;
				PRODUCT_BUNDLE_IDENTIFIER = com.cloudlessmoon.ThreadSafeExample;
				PRODUCT_NAME = "$(TARGET_NAME)";
				SWIFT_EMIT_LOC_STRINGS = YES;
				SWIFT_VERSION = 5.0;
				TARGETED_DEVICE_FAMILY = "1,2";
			};
			name = Release;
		};
		7AC5A28F2C08302700B83D24 /* Debug */ = {
			isa = XCBuildConfiguration;
			buildSettings = {
				ALWAYS_EMBED_SWIFT_STANDARD_LIBRARIES = YES;
				BUNDLE_LOADER = "$(TEST_HOST)";
				CODE_SIGN_STYLE = Automatic;
				CURRENT_PROJECT_VERSION = 1;
				DEVELOPMENT_TEAM = KJ6AEY5JEH;
				GENERATE_INFOPLIST_FILE = YES;
				IPHONEOS_DEPLOYMENT_TARGET = 13.0;
				MARKETING_VERSION = 1.0;
				PRODUCT_BUNDLE_IDENTIFIER = com.ruanmei.ThreadSafeExampleTests;
				PRODUCT_NAME = "$(TARGET_NAME)";
				SWIFT_EMIT_LOC_STRINGS = NO;
				SWIFT_VERSION = 5.0;
				TARGETED_DEVICE_FAMILY = "1,2";
				TEST_HOST = "$(BUILT_PRODUCTS_DIR)/ThreadSafeExample.app/$(BUNDLE_EXECUTABLE_FOLDER_PATH)/ThreadSafeExample";
				TVOS_DEPLOYMENT_TARGET = 16.0;
			};
			name = Debug;
		};
		7AC5A2902C08302700B83D24 /* Release */ = {
			isa = XCBuildConfiguration;
			buildSettings = {
				ALWAYS_EMBED_SWIFT_STANDARD_LIBRARIES = YES;
				BUNDLE_LOADER = "$(TEST_HOST)";
				CODE_SIGN_STYLE = Automatic;
				CURRENT_PROJECT_VERSION = 1;
				DEVELOPMENT_TEAM = KJ6AEY5JEH;
				GENERATE_INFOPLIST_FILE = YES;
				IPHONEOS_DEPLOYMENT_TARGET = 13.0;
				MARKETING_VERSION = 1.0;
				PRODUCT_BUNDLE_IDENTIFIER = com.ruanmei.ThreadSafeExampleTests;
				PRODUCT_NAME = "$(TARGET_NAME)";
				SWIFT_EMIT_LOC_STRINGS = NO;
				SWIFT_VERSION = 5.0;
				TARGETED_DEVICE_FAMILY = "1,2";
				TEST_HOST = "$(BUILT_PRODUCTS_DIR)/ThreadSafeExample.app/$(BUNDLE_EXECUTABLE_FOLDER_PATH)/ThreadSafeExample";
				TVOS_DEPLOYMENT_TARGET = 16.0;
			};
			name = Release;
		};
/* End XCBuildConfiguration section */

/* Begin XCConfigurationList section */
		7AC5A25C2C08302600B83D24 /* Build configuration list for PBXProject "ThreadSafeExample" */ = {
			isa = XCConfigurationList;
			buildConfigurations = (
				7AC5A2892C08302700B83D24 /* Debug */,
				7AC5A28A2C08302700B83D24 /* Release */,
			);
			defaultConfigurationIsVisible = 0;
			defaultConfigurationName = Release;
		};
		7AC5A28B2C08302700B83D24 /* Build configuration list for PBXNativeTarget "ThreadSafeExample" */ = {
			isa = XCConfigurationList;
			buildConfigurations = (
				7AC5A28C2C08302700B83D24 /* Debug */,
				7AC5A28D2C08302700B83D24 /* Release */,
			);
			defaultConfigurationIsVisible = 0;
			defaultConfigurationName = Release;
		};
		7AC5A28E2C08302700B83D24 /* Build configuration list for PBXNativeTarget "ThreadSafeExampleTests" */ = {
			isa = XCConfigurationList;
			buildConfigurations = (
				7AC5A28F2C08302700B83D24 /* Debug */,
				7AC5A2902C08302700B83D24 /* Release */,
			);
			defaultConfigurationIsVisible = 0;
			defaultConfigurationName = Release;
		};
/* End XCConfigurationList section */

/* Begin XCLocalSwiftPackageReference section */
		7A9BBDF52F2B506100CE484B /* XCLocalSwiftPackageReference "ThreadSafeExamplePackage" */ = {
			isa = XCLocalSwiftPackageReference;
			relativePath = ThreadSafeExamplePackage;
		};
/* End XCLocalSwiftPackageReference section */

/* Begin XCSwiftPackageProductDependency section */
		7A9BBDF12F2B467200CE484B /* ThreadSafe */ = {
			isa = XCSwiftPackageProductDependency;
			productName = ThreadSafe;
		};
		7A9BBDF62F2B506100CE484B /* ThreadSafeExampleDeps */ = {
			isa = XCSwiftPackageProductDependency;
			productName = ThreadSafeExampleDeps;
		};
/* End XCSwiftPackageProductDependency section */
	};
	rootObject = 7AC5A2592C08302600B83D24 /* Project object */;
}
